154.pages.dev/encoding v1.21.3 h1:kTcWdLh7A1kP2O7c3DNNKR0G6VHrUg/H0qmfqEEeE1Y=
154.pages.dev/encoding v1.21.3/go.mod h1:fTySlfwgtzBCCjzr+f4ncnWleN3AGgUilIWjGy2MPcw=
154.pages.dev/log v1.2.0 h1:doEOOkUoXzZUYO9Fhh0tobniHhceIoVlOFR8RJkim/A=
154.pages.dev/log v1.2.0/go.mod h1:Z9qlxtdp5E/B8HbH9ab/ySUgDpJvXINlS0zxsbryqZY=
