154.pages.dev/encoding v1.20.9 h1:LTj3iB7+dbvis2ZTXc9KC+OpGX9LwHZR5D7+KmILWcQ=
154.pages.dev/encoding v1.20.9/go.mod h1:fTySlfwgtzBCCjzr+f4ncnWleN3AGgUilIWjGy2MPcw=
154.pages.dev/log v1.2.0 h1:doEOOkUoXzZUYO9Fhh0tobniHhceIoVlOFR8RJkim/A=
154.pages.dev/log v1.2.0/go.mod h1:Z9qlxtdp5E/B8HbH9ab/ySUgDpJvXINlS0zxsbryqZY=
