154.pages.dev/protobuf v1.2.7 h1:kGKy7fUOhuyB0WDorLlzKqGNo6adKOTDl6ZrIUgEhmc=
154.pages.dev/protobuf v1.2.7/go.mod h1:gSoe3mxfCz4Noa6ERjJVEvDGZwQRjYsYpo8jk+UjZaQ=
google.golang.org/protobuf v1.34.2 h1:6xV6lTsCfpGD21XK49h7MhtcApnLqkfYgPcdHftf6hg=
google.golang.org/protobuf v1.34.2/go.mod h1:qYOHts0dSfpeUzUFpOMr/WGzszTmLH+DiWniOlNbLDw=
